new-api:
  image: calciumion/new-api
  tag: latest
  chart_version: 0.1.0
  notes: "Pin to an immutable upstream release tag before production cutover."

broker:
  image: ai-relay-broker
  tag: staging-139-newapi-compat-gateway-20260704
  chart_version: 0.1.5
  git_commit: pending

ai-provider-adapter:
  image: ai-provider-adapter
  tag: staging-139-provider-adapter-20260704-mapping-fix
  chart_version: 0.1.0
  git_commit: pending

newapi-compat-gateway:
  image: newapi-compat-gateway
  tag: staging-139-newapi-compat-gateway-20260704-url-priority
  chart_version: 0.1.0
  git_commit: pending
